
Microsoft Visual Studio Solution File, Format Version 12.00
# Visual Studio Version 16
VisualStudioVersion = 16.0.29326.143
MinimumVisualStudioVersion = 10.0.40219.1
Project("{FAE04EC0-301F-11D3-BF4B-00C04F79EFBC}") = "06_CRUD_Personas_UI", "06_CRUD_Personas_UI\06_CRUD_Personas_UI.csproj", "{44DBD82F-F18C-4D21-B9FA-43A8A9C802E6}"
EndProject
Project("{FAE04EC0-301F-11D3-BF4B-00C04F79EFBC}") = "06_CRUD_Personas_Entities", "06_CRUD_Personas_Entities\06_CRUD_Personas_Entities.csproj", "{9D1CEEC3-2DFF-4A6D-AB8F-1FF079B1001E}"
EndProject
Project("{FAE04EC0-301F-11D3-BF4B-00C04F79EFBC}") = "06_CRUD_Personas_DAL", "06_CRUD_Personas_DAL\06_CRUD_Personas_DAL.csproj", "{D29916A5-F3D2-4892-953B-29EF1823CAD0}"
EndProject
Project("{FAE04EC0-301F-11D3-BF4B-00C04F79EFBC}") = "06_CRUD_Personas_BL", "06_CRUD_Personas_BL\06_CRUD_Personas_BL.csproj", "{69420DF3-F6FD-4A47-B7CB-BABB80E518CF}"
EndProject
Global
	GlobalSection(SolutionConfigurationPlatforms) = preSolution
		Debug|Any CPU = Debug|Any CPU
		Release|Any CPU = Release|Any CPU
	EndGlobalSection
	GlobalSection(ProjectConfigurationPlatforms) = postSolution
		{44DBD82F-F18C-4D21-B9FA-43A8A9C802E6}.Debug|Any CPU.ActiveCfg = Debug|Any CPU
		{44DBD82F-F18C-4D21-B9FA-43A8A9C802E6}.Debug|Any CPU.Build.0 = Debug|Any CPU
		{44DBD82F-F18C-4D21-B9FA-43A8A9C802E6}.Release|Any CPU.ActiveCfg = Release|Any CPU
		{44DBD82F-F18C-4D21-B9FA-43A8A9C802E6}.Release|Any CPU.Build.0 = Release|Any CPU
		{9D1CEEC3-2DFF-4A6D-AB8F-1FF079B1001E}.Debug|Any CPU.ActiveCfg = Debug|Any CPU
		{9D1CEEC3-2DFF-4A6D-AB8F-1FF079B1001E}.Debug|Any CPU.Build.0 = Debug|Any CPU
		{9D1CEEC3-2DFF-4A6D-AB8F-1FF079B1001E}.Release|Any CPU.ActiveCfg = Release|Any CPU
		{9D1CEEC3-2DFF-4A6D-AB8F-1FF079B1001E}.Release|Any CPU.Build.0 = Release|Any CPU
		{D29916A5-F3D2-4892-953B-29EF1823CAD0}.Debug|Any CPU.ActiveCfg = Debug|Any CPU
		{D29916A5-F3D2-4892-953B-29EF1823CAD0}.Debug|Any CPU.Build.0 = Debug|Any CPU
		{D29916A5-F3D2-4892-953B-29EF1823CAD0}.Release|Any CPU.ActiveCfg = Release|Any CPU
		{D29916A5-F3D2-4892-953B-29EF1823CAD0}.Release|Any CPU.Build.0 = Release|Any CPU
		{69420DF3-F6FD-4A47-B7CB-BABB80E518CF}.Debug|Any CPU.ActiveCfg = Debug|Any CPU
		{69420DF3-F6FD-4A47-B7CB-BABB80E518CF}.Debug|Any CPU.Build.0 = Debug|Any CPU
		{69420DF3-F6FD-4A47-B7CB-BABB80E518CF}.Release|Any CPU.ActiveCfg = Release|Any CPU
		{69420DF3-F6FD-4A47-B7CB-BABB80E518CF}.Release|Any CPU.Build.0 = Release|Any CPU
	EndGlobalSection
	GlobalSection(SolutionProperties) = preSolution
		HideSolutionNode = FALSE
	EndGlobalSection
	GlobalSection(ExtensibilityGlobals) = postSolution
		SolutionGuid = {B613E542-3456-41C5-A434-11FC1AE622E8}
	EndGlobalSection
EndGlobal
